
Microsoft Visual Studio Solution File, Format Version 12.00
# Visual Studio Version 16
VisualStudioVersion = 16.0.30104.148
MinimumVisualStudioVersion = 10.0.40219.1
Project("{FAE04EC0-301F-11D3-BF4B-00C04F79EFBC}") = "ExcelToDB", "ExcelToDB.csproj", "{67424FDC-0590-4FF1-8B82-2D13BD91F09C}"
EndProject
Global
	GlobalSection(SolutionConfigurationPlatforms) = preSolution
		Debug|Any CPU = Debug|Any CPU
		Release|Any CPU = Release|Any CPU
	EndGlobalSection
	GlobalSection(ProjectConfigurationPlatforms) = postSolution
		{67424FDC-0590-4FF1-8B82-2D13BD91F09C}.Debug|Any CPU.ActiveCfg = Debug|Any CPU
		{67424FDC-0590-4FF1-8B82-2D13BD91F09C}.Debug|Any CPU.Build.0 = Debug|Any CPU
		{67424FDC-0590-4FF1-8B82-2D13BD91F09C}.Release|Any CPU.ActiveCfg = Release|Any CPU
		{67424FDC-0590-4FF1-8B82-2D13BD91F09C}.Release|Any CPU.Build.0 = Release|Any CPU
	EndGlobalSection
	GlobalSection(SolutionProperties) = preSolution
		HideSolutionNode = FALSE
	EndGlobalSection
	GlobalSection(ExtensibilityGlobals) = postSolution
		SolutionGuid = {17D0F99E-1DC8-45C8-8072-13F3BF63D897}
	EndGlobalSection
EndGlobal
